// !$*UTF8*$!
{
	archiveVersion = 1;
	classes = {
	};
	objectVersion = 56;
	objects = {

/* Begin PBXBuildFile section */
		23AA1CFA2CD8B36206045FE7 /* Pods_SeriesOn.framework in Frameworks */ = {isa = PBXBuildFile; fileRef = 8072496974CC35B98F2EEFBB /* Pods_SeriesOn.framework */; };
		FE1049272A3302D900C64535 /* DataParser.swift in Sources */ = {isa = PBXBuildFile; fileRef = FE1049262A3302D900C64535 /* DataParser.swift */; };
		FE2F943B2A2DCB5E00F8DCC0 /* AppDelegate.swift in Sources */ = {isa = PBXBuildFile; fileRef = FE2F943A2A2DCB5E00F8DCC0 /* AppDelegate.swift */; };
		FE2F943D2A2DCB5E00F8DCC0 /* SceneDelegate.swift in Sources */ = {isa = PBXBuildFile; fileRef = FE2F943C2A2DCB5E00F8DCC0 /* SceneDelegate.swift */; };
		FE2F943F2A2DCB5E00F8DCC0 /* MainViewController.swift in Sources */ = {isa = PBXBuildFile; fileRef = FE2F943E2A2DCB5E00F8DCC0 /* MainViewController.swift */; };
		FE2F94422A2DCB5E00F8DCC0 /* Main.storyboard in Resources */ = {isa = PBXBuildFile; fileRef = FE2F94402A2DCB5E00F8DCC0 /* Main.storyboard */; };
		FE2F94442A2DCB5F00F8DCC0 /* Assets.xcassets in Resources */ = {isa = PBXBuildFile; fileRef = FE2F94432A2DCB5F00F8DCC0 /* Assets.xcassets */; };
		FE2F94472A2DCB5F00F8DCC0 /* LaunchScreen.storyboard in Resources */ = {isa = PBXBuildFile; fileRef = FE2F94452A2DCB5F00F8DCC0 /* LaunchScreen.storyboard */; };
		FE2F94562A2DD06000F8DCC0 /* Movie.swift in Sources */ = {isa = PBXBuildFile; fileRef = FE2F94552A2DD06000F8DCC0 /* Movie.swift */; };
		FE2F94582A2DD22900F8DCC0 /* Info.swift in Sources */ = {isa = PBXBuildFile; fileRef = FE2F94572A2DD22900F8DCC0 /* Info.swift */; };
		FE2F945A2A2DD23300F8DCC0 /* Genre.swift in Sources */ = {isa = PBXBuildFile; fileRef = FE2F94592A2DD23300F8DCC0 /* Genre.swift */; };
		FE30F4B82A3313FD005B86B7 /* SearchViewController.swift in Sources */ = {isa = PBXBuildFile; fileRef = FE30F4B72A3313FD005B86B7 /* SearchViewController.swift */; };
		FE30F4BA2A33158C005B86B7 /* DetailHomeViewController.swift in Sources */ = {isa = PBXBuildFile; fileRef = FE30F4B92A33158C005B86B7 /* DetailHomeViewController.swift */; };
		FE30F4BC2A331607005B86B7 /* SimpleMovie.swift in Sources */ = {isa = PBXBuildFile; fileRef = FE30F4BB2A331607005B86B7 /* SimpleMovie.swift */; };
		FE30F4C22A381387005B86B7 /* movies_metadata.csv in Resources */ = {isa = PBXBuildFile; fileRef = FE30F4C12A381387005B86B7 /* movies_metadata.csv */; };
		FE7A6D3B2A3CFFAD00CF938F /* MovieListCell.swift in Sources */ = {isa = PBXBuildFile; fileRef = FE7A6D3A2A3CFFAD00CF938F /* MovieListCell.swift */; };
		FEBF7EF02A3EB834000C3A0E /* poster_sample.jpg in Resources */ = {isa = PBXBuildFile; fileRef = FEBF7EEF2A3EB834000C3A0E /* poster_sample.jpg */; };
		FEBF7EF22A3ECF10000C3A0E /* SearchListCell.swift in Sources */ = {isa = PBXBuildFile; fileRef = FEBF7EF12A3ECF10000C3A0E /* SearchListCell.swift */; };
		FEBF7EF42A3EE6B6000C3A0E /* DetailViewController.swift in Sources */ = {isa = PBXBuildFile; fileRef = FEBF7EF32A3EE6B6000C3A0E /* DetailViewController.swift */; };
		FEBF7EF92A3EFDB1000C3A0E /* Link.swift in Sources */ = {isa = PBXBuildFile; fileRef = FEBF7EF82A3EFDB1000C3A0E /* Link.swift */; };
		FEBF7EFB2A3F0800000C3A0E /* movies_metadata.json in Resources */ = {isa = PBXBuildFile; fileRef = FEBF7EFA2A3F0800000C3A0E /* movies_metadata.json */; };
		FEBF7EFD2A3F0EC3000C3A0E /* Review.swift in Sources */ = {isa = PBXBuildFile; fileRef = FEBF7EFC2A3F0EC3000C3A0E /* Review.swift */; };
		FEBF7EFF2A3F0F04000C3A0E /* Author.swift in Sources */ = {isa = PBXBuildFile; fileRef = FEBF7EFE2A3F0F04000C3A0E /* Author.swift */; };
		FEBF7F012A3F0F53000C3A0E /* InterestingVotes.swift in Sources */ = {isa = PBXBuildFile; fileRef = FEBF7F002A3F0F53000C3A0E /* InterestingVotes.swift */; };
		FEBF7F032A3F150E000C3A0E /* ReviewListCell.swift in Sources */ = {isa = PBXBuildFile; fileRef = FEBF7F022A3F150E000C3A0E /* ReviewListCell.swift */; };
		FEBF7F052A3F29C6000C3A0E /* ReviewSubmitViewController.swift in Sources */ = {isa = PBXBuildFile; fileRef = FEBF7F042A3F29C6000C3A0E /* ReviewSubmitViewController.swift */; };
		FEEE60CB2A3F58B6006C6064 /* Cast.swift in Sources */ = {isa = PBXBuildFile; fileRef = FEEE60CA2A3F58B6006C6064 /* Cast.swift */; };
		FEEE60CD2A3F58C4006C6064 /* Crew.swift in Sources */ = {isa = PBXBuildFile; fileRef = FEEE60CC2A3F58C4006C6064 /* Crew.swift */; };
		FEEE60CF2A3F5937006C6064 /* Credit.swift in Sources */ = {isa = PBXBuildFile; fileRef = FEEE60CE2A3F5937006C6064 /* Credit.swift */; };
		FEEE60D32A3F6618006C6064 /* credits.json in Resources */ = {isa = PBXBuildFile; fileRef = FEEE60D22A3F6618006C6064 /* credits.json */; };
/* End PBXBuildFile section */

/* Begin PBXFileReference section */
		020E706B81D41205D1836B23 /* Pods-SeriesOn.debug.xcconfig */ = {isa = PBXFileReference; includeInIndex = 1; lastKnownFileType = text.xcconfig; name = "Pods-SeriesOn.debug.xcconfig"; path = "Target Support Files/Pods-SeriesOn/Pods-SeriesOn.debug.xcconfig"; sourceTree = "<group>"; };
		31AFC4F641DFCD83A1D5DECC /* Pods-SeriesOn.release.xcconfig */ = {isa = PBXFileReference; includeInIndex = 1; lastKnownFileType = text.xcconfig; name = "Pods-SeriesOn.release.xcconfig"; path = "Target Support Files/Pods-SeriesOn/Pods-SeriesOn.release.xcconfig"; sourceTree = "<group>"; };
		8072496974CC35B98F2EEFBB /* Pods_SeriesOn.framework */ = {isa = PBXFileReference; explicitFileType = wrapper.framework; includeInIndex = 0; path = Pods_SeriesOn.framework; sourceTree = BUILT_PRODUCTS_DIR; };
		FE1049262A3302D900C64535 /* DataParser.swift */ = {isa = PBXFileReference; lastKnownFileType = sourcecode.swift; path = DataParser.swift; sourceTree = "<group>"; };
		FE2F94372A2DCB5E00F8DCC0 /* SeriesOn.app */ = {isa = PBXFileReference; explicitFileType = wrapper.application; includeInIndex = 0; path = SeriesOn.app; sourceTree = BUILT_PRODUCTS_DIR; };
		FE2F943A2A2DCB5E00F8DCC0 /* AppDelegate.swift */ = {isa = PBXFileReference; lastKnownFileType = sourcecode.swift; path = AppDelegate.swift; sourceTree = "<group>"; };
		FE2F943C2A2DCB5E00F8DCC0 /* SceneDelegate.swift */ = {isa = PBXFileReference; lastKnownFileType = sourcecode.swift; path = SceneDelegate.swift; sourceTree = "<group>"; };
		FE2F943E2A2DCB5E00F8DCC0 /* MainViewController.swift */ = {isa = PBXFileReference; lastKnownFileType = sourcecode.swift; path = MainViewController.swift; sourceTree = "<group>"; };
		FE2F94412A2DCB5E00F8DCC0 /* Base */ = {isa = PBXFileReference; lastKnownFileType = file.storyboard; name = Base; path = Base.lproj/Main.storyboard; sourceTree = "<group>"; };
		FE2F94432A2DCB5F00F8DCC0 /* Assets.xcassets */ = {isa = PBXFileReference; lastKnownFileType = folder.assetcatalog; path = Assets.xcassets; sourceTree = "<group>"; };
		FE2F94462A2DCB5F00F8DCC0 /* Base */ = {isa = PBXFileReference; lastKnownFileType = file.storyboard; name = Base; path = Base.lproj/LaunchScreen.storyboard; sourceTree = "<group>"; };
		FE2F94482A2DCB5F00F8DCC0 /* Info.plist */ = {isa = PBXFileReference; lastKnownFileType = text.plist.xml; path = Info.plist; sourceTree = "<group>"; };
		FE2F94552A2DD06000F8DCC0 /* Movie.swift */ = {isa = PBXFileReference; lastKnownFileType = sourcecode.swift; path = Movie.swift; sourceTree = "<group>"; };
		FE2F94572A2DD22900F8DCC0 /* Info.swift */ = {isa = PBXFileReference; lastKnownFileType = sourcecode.swift; path = Info.swift; sourceTree = "<group>"; };
		FE2F94592A2DD23300F8DCC0 /* Genre.swift */ = {isa = PBXFileReference; lastKnownFileType = sourcecode.swift; path = Genre.swift; sourceTree = "<group>"; };
		FE30F4B72A3313FD005B86B7 /* SearchViewController.swift */ = {isa = PBXFileReference; lastKnownFileType = sourcecode.swift; path = SearchViewController.swift; sourceTree = "<group>"; };
		FE30F4B92A33158C005B86B7 /* DetailHomeViewController.swift */ = {isa = PBXFileReference; lastKnownFileType = sourcecode.swift; path = DetailHomeViewController.swift; sourceTree = "<group>"; };
		FE30F4BB2A331607005B86B7 /* SimpleMovie.swift */ = {isa = PBXFileReference; lastKnownFileType = sourcecode.swift; path = SimpleMovie.swift; sourceTree = "<group>"; };
		FE30F4C12A381387005B86B7 /* movies_metadata.csv */ = {isa = PBXFileReference; fileEncoding = 4; lastKnownFileType = text; path = movies_metadata.csv; sourceTree = "<group>"; };
		FE30F4C82A3CC1C7005B86B7 /* en */ = {isa = PBXFileReference; lastKnownFileType = text.plist.strings; name = en; path = en.lproj/Main.strings; sourceTree = "<group>"; };
		FE7A6D3A2A3CFFAD00CF938F /* MovieListCell.swift */ = {isa = PBXFileReference; lastKnownFileType = sourcecode.swift; path = MovieListCell.swift; sourceTree = "<group>"; };
		FEBF7EEF2A3EB834000C3A0E /* poster_sample.jpg */ = {isa = PBXFileReference; lastKnownFileType = image.jpeg; name = poster_sample.jpg; path = ../../../../Downloads/poster_sample.jpg; sourceTree = "<group>"; };
		FEBF7EF12A3ECF10000C3A0E /* SearchListCell.swift */ = {isa = PBXFileReference; lastKnownFileType = sourcecode.swift; path = SearchListCell.swift; sourceTree = "<group>"; };
		FEBF7EF32A3EE6B6000C3A0E /* DetailViewController.swift */ = {isa = PBXFileReference; lastKnownFileType = sourcecode.swift; path = DetailViewController.swift; sourceTree = "<group>"; };
		FEBF7EF72A3EFC00000C3A0E /* links.json */ = {isa = PBXFileReference; lastKnownFileType = text.json; path = links.json; sourceTree = "<group>"; };
		FEBF7EF82A3EFDB1000C3A0E /* Link.swift */ = {isa = PBXFileReference; lastKnownFileType = sourcecode.swift; path = Link.swift; sourceTree = "<group>"; };
		FEBF7EFA2A3F0800000C3A0E /* movies_metadata.json */ = {isa = PBXFileReference; fileEncoding = 4; lastKnownFileType = text.json; name = movies_metadata.json; path = ../../../../Downloads/movies_metadata.json; sourceTree = "<group>"; };
		FEBF7EFC2A3F0EC3000C3A0E /* Review.swift */ = {isa = PBXFileReference; lastKnownFileType = sourcecode.swift; path = Review.swift; sourceTree = "<group>"; };
		FEBF7EFE2A3F0F04000C3A0E /* Author.swift */ = {isa = PBXFileReference; lastKnownFileType = sourcecode.swift; path = Author.swift; sourceTree = "<group>"; };
		FEBF7F002A3F0F53000C3A0E /* InterestingVotes.swift */ = {isa = PBXFileReference; lastKnownFileType = sourcecode.swift; path = InterestingVotes.swift; sourceTree = "<group>"; };
		FEBF7F022A3F150E000C3A0E /* ReviewListCell.swift */ = {isa = PBXFileReference; lastKnownFileType = sourcecode.swift; path = ReviewListCell.swift; sourceTree = "<group>"; };
		FEBF7F042A3F29C6000C3A0E /* ReviewSubmitViewController.swift */ = {isa = PBXFileReference; lastKnownFileType = sourcecode.swift; path = ReviewSubmitViewController.swift; sourceTree = "<group>"; };
		FEEE60CA2A3F58B6006C6064 /* Cast.swift */ = {isa = PBXFileReference; lastKnownFileType = sourcecode.swift; path = Cast.swift; sourceTree = "<group>"; };
		FEEE60CC2A3F58C4006C6064 /* Crew.swift */ = {isa = PBXFileReference; lastKnownFileType = sourcecode.swift; path = Crew.swift; sourceTree = "<group>"; };
		FEEE60CE2A3F5937006C6064 /* Credit.swift */ = {isa = PBXFileReference; lastKnownFileType = sourcecode.swift; path = Credit.swift; sourceTree = "<group>"; };
		FEEE60D22A3F6618006C6064 /* credits.json */ = {isa = PBXFileReference; fileEncoding = 4; lastKnownFileType = text.json; name = credits.json; path = ../../../../Downloads/credits.json; sourceTree = "<group>"; };
/* End PBXFileReference section */

/* Begin PBXFrameworksBuildPhase section */
		FE2F94342A2DCB5E00F8DCC0 /* Frameworks */ = {
			isa = PBXFrameworksBuildPhase;
			buildActionMask = 2147483647;
			files = (
				23AA1CFA2CD8B36206045FE7 /* Pods_SeriesOn.framework in Frameworks */,
			);
			runOnlyForDeploymentPostprocessing = 0;
		};
/* End PBXFrameworksBuildPhase section */

/* Begin PBXGroup section */
		70EFAFC217C84539BBD0A288 /* Pods */ = {
			isa = PBXGroup;
			children = (
				020E706B81D41205D1836B23 /* Pods-SeriesOn.debug.xcconfig */,
				31AFC4F641DFCD83A1D5DECC /* Pods-SeriesOn.release.xcconfig */,
			);
			path = Pods;
			sourceTree = "<group>";
		};
		C4DA9240D4CB371FF2BDF8FB /* Frameworks */ = {
			isa = PBXGroup;
			children = (
				8072496974CC35B98F2EEFBB /* Pods_SeriesOn.framework */,
			);
			name = Frameworks;
			sourceTree = "<group>";
		};
		FE1049252A3302CC00C64535 /* Util */ = {
			isa = PBXGroup;
			children = (
				FE1049262A3302D900C64535 /* DataParser.swift */,
			);
			path = Util;
			sourceTree = "<group>";
		};
		FE2F942E2A2DCB5E00F8DCC0 = {
			isa = PBXGroup;
			children = (
				FE2F94392A2DCB5E00F8DCC0 /* SeriesOn */,
				FE2F94382A2DCB5E00F8DCC0 /* Products */,
				70EFAFC217C84539BBD0A288 /* Pods */,
				C4DA9240D4CB371FF2BDF8FB /* Frameworks */,
			);
			sourceTree = "<group>";
		};
		FE2F94382A2DCB5E00F8DCC0 /* Products */ = {
			isa = PBXGroup;
			children = (
				FE2F94372A2DCB5E00F8DCC0 /* SeriesOn.app */,
			);
			name = Products;
			sourceTree = "<group>";
		};
		FE2F94392A2DCB5E00F8DCC0 /* SeriesOn */ = {
			isa = PBXGroup;
			children = (
				FE1049252A3302CC00C64535 /* Util */,
				FE2F94512A2DCDA100F8DCC0 /* Resource */,
				FE2F94502A2DCD9700F8DCC0 /* Controller */,
				FE2F944F2A2DCD8E00F8DCC0 /* View */,
				FE2F944E2A2DCD5900F8DCC0 /* Model */,
				FE2F943A2A2DCB5E00F8DCC0 /* AppDelegate.swift */,
				FE2F943C2A2DCB5E00F8DCC0 /* SceneDelegate.swift */,
				FE2F94482A2DCB5F00F8DCC0 /* Info.plist */,
			);
			path = SeriesOn;
			sourceTree = "<group>";
		};
		FE2F944E2A2DCD5900F8DCC0 /* Model */ = {
			isa = PBXGroup;
			children = (
				FE2F94552A2DD06000F8DCC0 /* Movie.swift */,
				FE2F94572A2DD22900F8DCC0 /* Info.swift */,
				FE2F94592A2DD23300F8DCC0 /* Genre.swift */,
				FE30F4BB2A331607005B86B7 /* SimpleMovie.swift */,
				FEBF7EF82A3EFDB1000C3A0E /* Link.swift */,
				FEBF7EFC2A3F0EC3000C3A0E /* Review.swift */,
				FEBF7EFE2A3F0F04000C3A0E /* Author.swift */,
				FEBF7F002A3F0F53000C3A0E /* InterestingVotes.swift */,
				FEEE60CA2A3F58B6006C6064 /* Cast.swift */,
				FEEE60CC2A3F58C4006C6064 /* Crew.swift */,
				FEEE60CE2A3F5937006C6064 /* Credit.swift */,
			);
			path = Model;
			sourceTree = "<group>";
		};
		FE2F944F2A2DCD8E00F8DCC0 /* View */ = {
			isa = PBXGroup;
			children = (
				FE2F94542A2DCF8600F8DCC0 /* Detail */,
				FE2F94532A2DCF8100F8DCC0 /* Search */,
				FE2F94522A2DCF7600F8DCC0 /* Main */,
			);
			path = View;
			sourceTree = "<group>";
		};
		FE2F94502A2DCD9700F8DCC0 /* Controller */ = {
			isa = PBXGroup;
			children = (
				FE2F943E2A2DCB5E00F8DCC0 /* MainViewController.swift */,
				FE30F4B72A3313FD005B86B7 /* SearchViewController.swift */,
				FE30F4B92A33158C005B86B7 /* DetailHomeViewController.swift */,
				FEBF7EF32A3EE6B6000C3A0E /* DetailViewController.swift */,
				FEBF7F042A3F29C6000C3A0E /* ReviewSubmitViewController.swift */,
			);
			path = Controller;
			sourceTree = "<group>";
		};
		FE2F94512A2DCDA100F8DCC0 /* Resource */ = {
			isa = PBXGroup;
			children = (
				FEEE60D22A3F6618006C6064 /* credits.json */,
				FEBF7EFA2A3F0800000C3A0E /* movies_metadata.json */,
				FEBF7EEF2A3EB834000C3A0E /* poster_sample.jpg */,
				FEBF7EF72A3EFC00000C3A0E /* links.json */,
				FE30F4C12A381387005B86B7 /* movies_metadata.csv */,
				FE2F94432A2DCB5F00F8DCC0 /* Assets.xcassets */,
				FE2F94402A2DCB5E00F8DCC0 /* Main.storyboard */,
				FE2F94452A2DCB5F00F8DCC0 /* LaunchScreen.storyboard */,
			);
			path = Resource;
			sourceTree = "<group>";
		};
		FE2F94522A2DCF7600F8DCC0 /* Main */ = {
			isa = PBXGroup;
			children = (
				FE7A6D3A2A3CFFAD00CF938F /* MovieListCell.swift */,
			);
			path = Main;
			sourceTree = "<group>";
		};
		FE2F94532A2DCF8100F8DCC0 /* Search */ = {
			isa = PBXGroup;
			children = (
				FEBF7EF12A3ECF10000C3A0E /* SearchListCell.swift */,
			);
			path = Search;
			sourceTree = "<group>";
		};
		FE2F94542A2DCF8600F8DCC0 /* Detail */ = {
			isa = PBXGroup;
			children = (
				FEBF7F022A3F150E000C3A0E /* ReviewListCell.swift */,
			);
			path = Detail;
			sourceTree = "<group>";
		};
/* End PBXGroup section */

/* Begin PBXNativeTarget section */
		FE2F94362A2DCB5E00F8DCC0 /* SeriesOn */ = {
			isa = PBXNativeTarget;
			buildConfigurationList = FE2F944B2A2DCB5F00F8DCC0 /* Build configuration list for PBXNativeTarget "SeriesOn" */;
			buildPhases = (
				4538A9129A5E4871CEE16BA5 /* [CP] Check Pods Manifest.lock */,
				FE2F94332A2DCB5E00F8DCC0 /* Sources */,
				FE2F94342A2DCB5E00F8DCC0 /* Frameworks */,
				FE2F94352A2DCB5E00F8DCC0 /* Resources */,
				A78D7E65FF9BB5C8EF847E34 /* [CP] Embed Pods Frameworks */,
			);
			buildRules = (
			);
			dependencies = (
			);
			name = SeriesOn;
			productName = SeriesOn;
			productReference = FE2F94372A2DCB5E00F8DCC0 /* SeriesOn.app */;
			productType = "com.apple.product-type.application";
		};
/* End PBXNativeTarget section */

/* Begin PBXProject section */
		FE2F942F2A2DCB5E00F8DCC0 /* Project object */ = {
			isa = PBXProject;
			attributes = {
				BuildIndependentTargetsInParallel = 1;
				LastSwiftUpdateCheck = 1420;
				LastUpgradeCheck = 1420;
				TargetAttributes = {
					FE2F94362A2DCB5E00F8DCC0 = {
						CreatedOnToolsVersion = 14.2;
					};
				};
			};
			buildConfigurationList = FE2F94322A2DCB5E00F8DCC0 /* Build configuration list for PBXProject "SeriesOn" */;
			compatibilityVersion = "Xcode 14.0";
			developmentRegion = en;
			hasScannedForEncodings = 0;
			knownRegions = (
				en,
				Base,
			);
			mainGroup = FE2F942E2A2DCB5E00F8DCC0;
			productRefGroup = FE2F94382A2DCB5E00F8DCC0 /* Products */;
			projectDirPath = "";
			projectRoot = "";
			targets = (
				FE2F94362A2DCB5E00F8DCC0 /* SeriesOn */,
			);
		};
/* End PBXProject section */

/* Begin PBXResourcesBuildPhase section */
		FE2F94352A2DCB5E00F8DCC0 /* Resources */ = {
			isa = PBXResourcesBuildPhase;
			buildActionMask = 2147483647;
			files = (
				FEBF7EFB2A3F0800000C3A0E /* movies_metadata.json in Resources */,
				FEBF7EF02A3EB834000C3A0E /* poster_sample.jpg in Resources */,
				FEEE60D32A3F6618006C6064 /* credits.json in Resources */,
				FE2F94472A2DCB5F00F8DCC0 /* LaunchScreen.storyboard in Resources */,
				FE2F94442A2DCB5F00F8DCC0 /* Assets.xcassets in Resources */,
				FE2F94422A2DCB5E00F8DCC0 /* Main.storyboard in Resources */,
				FE30F4C22A381387005B86B7 /* movies_metadata.csv in Resources */,
			);
			runOnlyForDeploymentPostprocessing = 0;
		};
/* End PBXResourcesBuildPhase section */

/* Begin PBXShellScriptBuildPhase section */
		4538A9129A5E4871CEE16BA5 /* [CP] Check Pods Manifest.lock */ = {
			isa = PBXShellScriptBuildPhase;
			buildActionMask = 2147483647;
			files = (
			);
			inputFileListPaths = (
			);
			inputPaths = (
				"${PODS_PODFILE_DIR_PATH}/Podfile.lock",
				"${PODS_ROOT}/Manifest.lock",
			);
			name = "[CP] Check Pods Manifest.lock";
			outputFileListPaths = (
			);
			outputPaths = (
				"$(DERIVED_FILE_DIR)/Pods-SeriesOn-checkManifestLockResult.txt",
			);
			runOnlyForDeploymentPostprocessing = 0;
			shellPath = /bin/sh;
			shellScript = "diff \"${PODS_PODFILE_DIR_PATH}/Podfile.lock\" \"${PODS_ROOT}/Manifest.lock\" > /dev/null\nif [ $? != 0 ] ; then\n    # print error to STDERR\n    echo \"error: The sandbox is not in sync with the Podfile.lock. Run 'pod install' or update your CocoaPods installation.\" >&2\n    exit 1\nfi\n# This output is used by Xcode 'outputs' to avoid re-running this script phase.\necho \"SUCCESS\" > \"${SCRIPT_OUTPUT_FILE_0}\"\n";
			showEnvVarsInLog = 0;
		};
		A78D7E65FF9BB5C8EF847E34 /* [CP] Embed Pods Frameworks */ = {
			isa = PBXShellScriptBuildPhase;
			buildActionMask = 2147483647;
			files = (
			);
			inputFileListPaths = (
				"${PODS_ROOT}/Target Support Files/Pods-SeriesOn/Pods-SeriesOn-frameworks-${CONFIGURATION}-input-files.xcfilelist",
			);
			name = "[CP] Embed Pods Frameworks";
			outputFileListPaths = (
				"${PODS_ROOT}/Target Support Files/Pods-SeriesOn/Pods-SeriesOn-frameworks-${CONFIGURATION}-output-files.xcfilelist",
			);
			runOnlyForDeploymentPostprocessing = 0;
			shellPath = /bin/sh;
			shellScript = "\"${PODS_ROOT}/Target Support Files/Pods-SeriesOn/Pods-SeriesOn-frameworks.sh\"\n";
			showEnvVarsInLog = 0;
		};
/* End PBXShellScriptBuildPhase section */

/* Begin PBXSourcesBuildPhase section */
		FE2F94332A2DCB5E00F8DCC0 /* Sources */ = {
			isa = PBXSourcesBuildPhase;
			buildActionMask = 2147483647;
			files = (
				FEBF7EF42A3EE6B6000C3A0E /* DetailViewController.swift in Sources */,
				FEBF7EF92A3EFDB1000C3A0E /* Link.swift in Sources */,
				FE7A6D3B2A3CFFAD00CF938F /* MovieListCell.swift in Sources */,
				FEBF7EF22A3ECF10000C3A0E /* SearchListCell.swift in Sources */,
				FE30F4BC2A331607005B86B7 /* SimpleMovie.swift in Sources */,
				FEBF7EFD2A3F0EC3000C3A0E /* Review.swift in Sources */,
				FE30F4BA2A33158C005B86B7 /* DetailHomeViewController.swift in Sources */,
				FE2F943F2A2DCB5E00F8DCC0 /* MainViewController.swift in Sources */,
				FE2F943B2A2DCB5E00F8DCC0 /* AppDelegate.swift in Sources */,
				FE30F4B82A3313FD005B86B7 /* SearchViewController.swift in Sources */,
				FEEE60CF2A3F5937006C6064 /* Credit.swift in Sources */,
				FEBF7EFF2A3F0F04000C3A0E /* Author.swift in Sources */,
				FE2F94562A2DD06000F8DCC0 /* Movie.swift in Sources */,
				FEEE60CB2A3F58B6006C6064 /* Cast.swift in Sources */,
				FEBF7F012A3F0F53000C3A0E /* InterestingVotes.swift in Sources */,
				FE2F945A2A2DD23300F8DCC0 /* Genre.swift in Sources */,
				FEBF7F052A3F29C6000C3A0E /* ReviewSubmitViewController.swift in Sources */,
				FE2F94582A2DD22900F8DCC0 /* Info.swift in Sources */,
				FE1049272A3302D900C64535 /* DataParser.swift in Sources */,
				FEEE60CD2A3F58C4006C6064 /* Crew.swift in Sources */,
				FE2F943D2A2DCB5E00F8DCC0 /* SceneDelegate.swift in Sources */,
				FEBF7F032A3F150E000C3A0E /* ReviewListCell.swift in Sources */,
			);
			runOnlyForDeploymentPostprocessing = 0;
		};
/* End PBXSourcesBuildPhase section */

/* Begin PBXVariantGroup section */
		FE2F94402A2DCB5E00F8DCC0 /* Main.storyboard */ = {
			isa = PBXVariantGroup;
			children = (
				FE2F94412A2DCB5E00F8DCC0 /* Base */,
				FE30F4C82A3CC1C7005B86B7 /* en */,
			);
			name = Main.storyboard;
			sourceTree = "<group>";
		};
		FE2F94452A2DCB5F00F8DCC0 /* LaunchScreen.storyboard */ = {
			isa = PBXVariantGroup;
			children = (
				FE2F94462A2DCB5F00F8DCC0 /* Base */,
			);
			name = LaunchScreen.storyboard;
			sourceTree = "<group>";
		};
/* End PBXVariantGroup section */

/* Begin XCBuildConfiguration section */
		FE2F94492A2DCB5F00F8DCC0 /* Debug */ = {
			isa = XCBuildConfiguration;
			buildSettings = {
				ALWAYS_SEARCH_USER_PATHS = NO;
				CLANG_ANALYZER_NONNULL = YES;
				CLANG_ANALYZER_NUMBER_OBJECT_CONVERSION = YES_AGGRESSIVE;
				CLANG_CXX_LANGUAGE_STANDARD = "gnu++20";
				CLANG_ENABLE_MODULES = YES;
				CLANG_ENABLE_OBJC_ARC = YES;
				CLANG_ENABLE_OBJC_WEAK = YES;
				CLANG_WARN_BLOCK_CAPTURE_AUTORELEASING = YES;
				CLANG_WARN_BOOL_CONVERSION = YES;
				CLANG_WARN_COMMA = YES;
				CLANG_WARN_CONSTANT_CONVERSION = YES;
				CLANG_WARN_DEPRECATED_OBJC_IMPLEMENTATIONS = YES;
				CLANG_WARN_DIRECT_OBJC_ISA_USAGE = YES_ERROR;
				CLANG_WARN_DOCUMENTATION_COMMENTS = YES;
				CLANG_WARN_EMPTY_BODY = YES;
				CLANG_WARN_ENUM_CONVERSION = YES;
				CLANG_WARN_INFINITE_RECURSION = YES;
				CLANG_WARN_INT_CONVERSION = YES;
				CLANG_WARN_NON_LITERAL_NULL_CONVERSION = YES;
				CLANG_WARN_OBJC_IMPLICIT_RETAIN_SELF = YES;
				CLANG_WARN_OBJC_LITERAL_CONVERSION = YES;
				CLANG_WARN_OBJC_ROOT_CLASS = YES_ERROR;
				CLANG_WARN_QUOTED_INCLUDE_IN_FRAMEWORK_HEADER = YES;
				CLANG_WARN_RANGE_LOOP_ANALYSIS = YES;
				CLANG_WARN_STRICT_PROTOTYPES = YES;
				CLANG_WARN_SUSPICIOUS_MOVE = YES;
				CLANG_WARN_UNGUARDED_AVAILABILITY = YES_AGGRESSIVE;
				CLANG_WARN_UNREACHABLE_CODE = YES;
				CLANG_WARN__DUPLICATE_METHOD_MATCH = YES;
				COPY_PHASE_STRIP = NO;
				DEBUG_INFORMATION_FORMAT = dwarf;
				ENABLE_STRICT_OBJC_MSGSEND = YES;
				ENABLE_TESTABILITY = YES;
				GCC_C_LANGUAGE_STANDARD = gnu11;
				GCC_DYNAMIC_NO_PIC = NO;
				GCC_NO_COMMON_BLOCKS = YES;
				GCC_OPTIMIZATION_LEVEL = 0;
				GCC_PREPROCESSOR_DEFINITIONS = (
					"DEBUG=1",
					"$(inherited)",
				);
				GCC_WARN_64_TO_32_BIT_CONVERSION = YES;
				GCC_WARN_ABOUT_RETURN_TYPE = YES_ERROR;
				GCC_WARN_UNDECLARED_SELECTOR = YES;
				GCC_WARN_UNINITIALIZED_AUTOS = YES_AGGRESSIVE;
				GCC_WARN_UNUSED_FUNCTION = YES;
				GCC_WARN_UNUSED_VARIABLE = YES;
				IPHONEOS_DEPLOYMENT_TARGET = 16.2;
				MTL_ENABLE_DEBUG_INFO = INCLUDE_SOURCE;
				MTL_FAST_MATH = YES;
				ONLY_ACTIVE_ARCH = YES;
				SDKROOT = iphoneos;
				SWIFT_ACTIVE_COMPILATION_CONDITIONS = DEBUG;
				SWIFT_OPTIMIZATION_LEVEL = "-Onone";
			};
			name = Debug;
		};
		FE2F944A2A2DCB5F00F8DCC0 /* Release */ = {
			isa = XCBuildConfiguration;
			buildSettings = {
				ALWAYS_SEARCH_USER_PATHS = NO;
				CLANG_ANALYZER_NONNULL = YES;
				CLANG_ANALYZER_NUMBER_OBJECT_CONVERSION = YES_AGGRESSIVE;
				CLANG_CXX_LANGUAGE_STANDARD = "gnu++20";
				CLANG_ENABLE_MODULES = YES;
				CLANG_ENABLE_OBJC_ARC = YES;
				CLANG_ENABLE_OBJC_WEAK = YES;
				CLANG_WARN_BLOCK_CAPTURE_AUTORELEASING = YES;
				CLANG_WARN_BOOL_CONVERSION = YES;
				CLANG_WARN_COMMA = YES;
				CLANG_WARN_CONSTANT_CONVERSION = YES;
				CLANG_WARN_DEPRECATED_OBJC_IMPLEMENTATIONS = YES;
				CLANG_WARN_DIRECT_OBJC_ISA_USAGE = YES_ERROR;
				CLANG_WARN_DOCUMENTATION_COMMENTS = YES;
				CLANG_WARN_EMPTY_BODY = YES;
				CLANG_WARN_ENUM_CONVERSION = YES;
				CLANG_WARN_INFINITE_RECURSION = YES;
				CLANG_WARN_INT_CONVERSION = YES;
				CLANG_WARN_NON_LITERAL_NULL_CONVERSION = YES;
				CLANG_WARN_OBJC_IMPLICIT_RETAIN_SELF = YES;
				CLANG_WARN_OBJC_LITERAL_CONVERSION = YES;
				CLANG_WARN_OBJC_ROOT_CLASS = YES_ERROR;
				CLANG_WARN_QUOTED_INCLUDE_IN_FRAMEWORK_HEADER = YES;
				CLANG_WARN_RANGE_LOOP_ANALYSIS = YES;
				CLANG_WARN_STRICT_PROTOTYPES = YES;
				CLANG_WARN_SUSPICIOUS_MOVE = YES;
				CLANG_WARN_UNGUARDED_AVAILABILITY = YES_AGGRESSIVE;
				CLANG_WARN_UNREACHABLE_CODE = YES;
				CLANG_WARN__DUPLICATE_METHOD_MATCH = YES;
				COPY_PHASE_STRIP = NO;
				DEBUG_INFORMATION_FORMAT = "dwarf-with-dsym";
				ENABLE_NS_ASSERTIONS = NO;
				ENABLE_STRICT_OBJC_MSGSEND = YES;
				GCC_C_LANGUAGE_STANDARD = gnu11;
				GCC_NO_COMMON_BLOCKS = YES;
				GCC_WARN_64_TO_32_BIT_CONVERSION = YES;
				GCC_WARN_ABOUT_RETURN_TYPE = YES_ERROR;
				GCC_WARN_UNDECLARED_SELECTOR = YES;
				GCC_WARN_UNINITIALIZED_AUTOS = YES_AGGRESSIVE;
				GCC_WARN_UNUSED_FUNCTION = YES;
				GCC_WARN_UNUSED_VARIABLE = YES;
				IPHONEOS_DEPLOYMENT_TARGET = 16.2;
				MTL_ENABLE_DEBUG_INFO = NO;
				MTL_FAST_MATH = YES;
				SDKROOT = iphoneos;
				SWIFT_COMPILATION_MODE = wholemodule;
				SWIFT_OPTIMIZATION_LEVEL = "-O";
				VALIDATE_PRODUCT = YES;
			};
			name = Release;
		};
		FE2F944C2A2DCB5F00F8DCC0 /* Debug */ = {
			isa = XCBuildConfiguration;
			baseConfigurationReference = 020E706B81D41205D1836B23 /* Pods-SeriesOn.debug.xcconfig */;
			buildSettings = {
				ASSETCATALOG_COMPILER_APPICON_NAME = AppIcon;
				ASSETCATALOG_COMPILER_GLOBAL_ACCENT_COLOR_NAME = AccentColor;
				CODE_SIGN_STYLE = Automatic;
				CURRENT_PROJECT_VERSION = 1;
				GENERATE_INFOPLIST_FILE = YES;
				INFOPLIST_FILE = SeriesOn/Info.plist;
				INFOPLIST_KEY_UIApplicationSupportsIndirectInputEvents = YES;
				INFOPLIST_KEY_UILaunchStoryboardName = LaunchScreen;
				INFOPLIST_KEY_UIMainStoryboardFile = Main;
				INFOPLIST_KEY_UISupportedInterfaceOrientations_iPad = "UIInterfaceOrientationPortrait UIInterfaceOrientationPortraitUpsideDown UIInterfaceOrientationLandscapeLeft UIInterfaceOrientationLandscapeRight";
				INFOPLIST_KEY_UISupportedInterfaceOrientations_iPhone = "UIInterfaceOrientationPortrait UIInterfaceOrientationLandscapeLeft UIInterfaceOrientationLandscapeRight";
				LD_RUNPATH_SEARCH_PATHS = (
					"$(inherited)",
					"@executable_path/Frameworks",
				);
				MARKETING_VERSION = 1.0;
				PRODUCT_BUNDLE_IDENTIFIER = ac.kr.hansung.SeriesOn;
				PRODUCT_NAME = "$(TARGET_NAME)";
				SWIFT_EMIT_LOC_STRINGS = YES;
				SWIFT_VERSION = 5.0;
				TARGETED_DEVICE_FAMILY = "1,2";
			};
			name = Debug;
		};
		FE2F944D2A2DCB5F00F8DCC0 /* Release */ = {
			isa = XCBuildConfiguration;
			baseConfigurationReference = 31AFC4F641DFCD83A1D5DECC /* Pods-SeriesOn.release.xcconfig */;
			buildSettings = {
				ASSETCATALOG_COMPILER_APPICON_NAME = AppIcon;
				ASSETCATALOG_COMPILER_GLOBAL_ACCENT_COLOR_NAME = AccentColor;
				CODE_SIGN_STYLE = Automatic;
				CURRENT_PROJECT_VERSION = 1;
				GENERATE_INFOPLIST_FILE = YES;
				INFOPLIST_FILE = SeriesOn/Info.plist;
				INFOPLIST_KEY_UIApplicationSupportsIndirectInputEvents = YES;
				INFOPLIST_KEY_UILaunchStoryboardName = LaunchScreen;
				INFOPLIST_KEY_UIMainStoryboardFile = Main;
				INFOPLIST_KEY_UISupportedInterfaceOrientations_iPad = "UIInterfaceOrientationPortrait UIInterfaceOrientationPortraitUpsideDown UIInterfaceOrientationLandscapeLeft UIInterfaceOrientationLandscapeRight";
				INFOPLIST_KEY_UISupportedInterfaceOrientations_iPhone = "UIInterfaceOrientationPortrait UIInterfaceOrientationLandscapeLeft UIInterfaceOrientationLandscapeRight";
				LD_RUNPATH_SEARCH_PATHS = (
					"$(inherited)",
					"@executable_path/Frameworks",
				);
				MARKETING_VERSION = 1.0;
				PRODUCT_BUNDLE_IDENTIFIER = ac.kr.hansung.SeriesOn;
				PRODUCT_NAME = "$(TARGET_NAME)";
				SWIFT_EMIT_LOC_STRINGS = YES;
				SWIFT_VERSION = 5.0;
				TARGETED_DEVICE_FAMILY = "1,2";
			};
			name = Release;
		};
/* End XCBuildConfiguration section */

/* Begin XCConfigurationList section */
		FE2F94322A2DCB5E00F8DCC0 /* Build configuration list for PBXProject "SeriesOn" */ = {
			isa = XCConfigurationList;
			buildConfigurations = (
				FE2F94492A2DCB5F00F8DCC0 /* Debug */,
				FE2F944A2A2DCB5F00F8DCC0 /* Release */,
			);
			defaultConfigurationIsVisible = 0;
			defaultConfigurationName = Release;
		};
		FE2F944B2A2DCB5F00F8DCC0 /* Build configuration list for PBXNativeTarget "SeriesOn" */ = {
			isa = XCConfigurationList;
			buildConfigurations = (
				FE2F944C2A2DCB5F00F8DCC0 /* Debug */,
				FE2F944D2A2DCB5F00F8DCC0 /* Release */,
			);
			defaultConfigurationIsVisible = 0;
			defaultConfigurationName = Release;
		};
/* End XCConfigurationList section */
	};
	rootObject = FE2F942F2A2DCB5E00F8DCC0 /* Project object */;
}
